
Microsoft Visual Studio Solution File, Format Version 12.00
# Visual Studio Version 16
VisualStudioVersion = 16.0.31624.102
MinimumVisualStudioVersion = 10.0.40219.1
Project("{FAE04EC0-301F-11D3-BF4B-00C04F79EFBC}") = "Calculator", "Calculator\Calculator.csproj", "{B4DFF18C-B6A6-4021-9DE0-CBD0B80CBE9A}"
EndProject
Global
	GlobalSection(SolutionConfigurationPlatforms) = preSolution
		Debug|Any CPU = Debug|Any CPU
		Release|Any CPU = Release|Any CPU
	EndGlobalSection
	GlobalSection(ProjectConfigurationPlatforms) = postSolution
		{B4DFF18C-B6A6-4021-9DE0-CBD0B80CBE9A}.Debug|Any CPU.ActiveCfg = Debug|Any CPU
		{B4DFF18C-B6A6-4021-9DE0-CBD0B80CBE9A}.Debug|Any CPU.Build.0 = Debug|Any CPU
		{B4DFF18C-B6A6-4021-9DE0-CBD0B80CBE9A}.Release|Any CPU.ActiveCfg = Release|Any CPU
		{B4DFF18C-B6A6-4021-9DE0-CBD0B80CBE9A}.Release|Any CPU.Build.0 = Release|Any CPU
	EndGlobalSection
	GlobalSection(SolutionProperties) = preSolution
		HideSolutionNode = FALSE
	EndGlobalSection
	GlobalSection(ExtensibilityGlobals) = postSolution
		SolutionGuid = {2C9C2924-9E9E-4A2C-9554-8F95E14DD30C}
	EndGlobalSection
EndGlobal
